
Microsoft Visual Studio Solution File, Format Version 12.00
# Visual Studio 15
VisualStudioVersion = 15.0.28010.2016
MinimumVisualStudioVersion = 10.0.40219.1
Project("{FAE04EC0-301F-11D3-BF4B-00C04F79EFBC}") = "Traveler", "Traveler\Traveler.csproj", "{E950A195-BEB1-43B5-885E-51824D5C3E33}"
EndProject
Project("{FAE04EC0-301F-11D3-BF4B-00C04F79EFBC}") = "Traveler.Tests", "TravelerTest\Traveler.Tests.csproj", "{8A57F2B9-97E3-4E44-8E3D-2B4FCDDE1B60}"
EndProject
Global
	GlobalSection(SolutionConfigurationPlatforms) = preSolution
		Debug|Any CPU = Debug|Any CPU
		Release|Any CPU = Release|Any CPU
	EndGlobalSection
	GlobalSection(ProjectConfigurationPlatforms) = postSolution
		{E950A195-BEB1-43B5-885E-51824D5C3E33}.Debug|Any CPU.ActiveCfg = Debug|Any CPU
		{E950A195-BEB1-43B5-885E-51824D5C3E33}.Debug|Any CPU.Build.0 = Debug|Any CPU
		{E950A195-BEB1-43B5-885E-51824D5C3E33}.Release|Any CPU.ActiveCfg = Release|Any CPU
		{E950A195-BEB1-43B5-885E-51824D5C3E33}.Release|Any CPU.Build.0 = Release|Any CPU
		{8A57F2B9-97E3-4E44-8E3D-2B4FCDDE1B60}.Debug|Any CPU.ActiveCfg = Debug|Any CPU
		{8A57F2B9-97E3-4E44-8E3D-2B4FCDDE1B60}.Debug|Any CPU.Build.0 = Debug|Any CPU
		{8A57F2B9-97E3-4E44-8E3D-2B4FCDDE1B60}.Release|Any CPU.ActiveCfg = Release|Any CPU
		{8A57F2B9-97E3-4E44-8E3D-2B4FCDDE1B60}.Release|Any CPU.Build.0 = Release|Any CPU
	EndGlobalSection
	GlobalSection(SolutionProperties) = preSolution
		HideSolutionNode = FALSE
	EndGlobalSection
	GlobalSection(ExtensibilityGlobals) = postSolution
		SolutionGuid = {1787CF58-756E-4E9A-92D9-379DAB5D3560}
	EndGlobalSection
EndGlobal
